
Microsoft Visual Studio Solution File, Format Version 12.00
# Visual Studio Version 16
VisualStudioVersion = 16.0.29215.179
MinimumVisualStudioVersion = 10.0.40219.1
Project("{FAE04EC0-301F-11D3-BF4B-00C04F79EFBC}") = "Encoding.FileOperations", "Encoding.FileOperations\Encoding.FileOperations.csproj", "{BBAF1E3F-63C2-4F30-86B8-5A77DDB0EABC}"
EndProject
Project("{2150E333-8FDC-42A3-9474-1A3956D46DE8}") = "Tests", "Tests", "{57F6C81C-3164-405D-80CE-20C254A2C484}"
EndProject
Project("{FAE04EC0-301F-11D3-BF4B-00C04F79EFBC}") = "Encoding.FileOperations.UnitTests", "Encoding.FileOperations.UnitTests\Encoding.FileOperations.UnitTests.csproj", "{A73E08B2-BD06-4090-8765-3A3FF1CC755C}"
EndProject
Project("{FAE04EC0-301F-11D3-BF4B-00C04F79EFBC}") = "Encoding", "Encoding\Encoding.csproj", "{51F78E06-F983-48A7-A37E-EA31CFBCF27F}"
EndProject
Project("{FAE04EC0-301F-11D3-BF4B-00C04F79EFBC}") = "Encoding.FileOperations.IntegrationTests", "Encoding.FileOperations.IntegrationTests\Encoding.FileOperations.IntegrationTests.csproj", "{0D0DD31D-2D4A-4F9D-8C14-DB85088C5F92}"
EndProject
Project("{FAE04EC0-301F-11D3-BF4B-00C04F79EFBC}") = "Encoding.Tests.Common", "Encoding.Tests.Common\Encoding.Tests.Common.csproj", "{7F9671D8-9284-4501-A77D-46992DF62FE4}"
EndProject
Project("{FAE04EC0-301F-11D3-BF4B-00C04F79EFBC}") = "Encoding.Huffman", "Encoding.Huffman\Encoding.Huffman.csproj", "{1BC37739-3F5A-416B-BAD8-AC6B83280673}"
EndProject
Project("{FAE04EC0-301F-11D3-BF4B-00C04F79EFBC}") = "Encoding.Lz77", "Encoding.Lz77\Encoding.Lz77.csproj", "{7B269B9E-6E27-4EEE-9C75-D0B1349A8D27}"
EndProject
Project("{FAE04EC0-301F-11D3-BF4B-00C04F79EFBC}") = "Encoding.Huffman.UnitTests", "Encoding.Huffman.UnitTests\Encoding.Huffman.UnitTests.csproj", "{365E3934-D293-4D56-A48E-CA126D41F2C0}"
EndProject
Project("{FAE04EC0-301F-11D3-BF4B-00C04F79EFBC}") = "Encoding.Huffman.IntegrationTests", "Encoding.Huffman.IntegrationTests\Encoding.Huffman.IntegrationTests.csproj", "{2A9B4599-9853-4DA0-86AD-31531999ADCD}"
EndProject
Project("{FAE04EC0-301F-11D3-BF4B-00C04F79EFBC}") = "Encoding.Lz77.UnitTests", "Encoding.Lz77.UnitTests\Encoding.Lz77.UnitTests.csproj", "{21AEF325-9CE6-41B3-ACAC-B59E071D93D6}"
EndProject
Project("{FAE04EC0-301F-11D3-BF4B-00C04F79EFBC}") = "Encoding.LzW", "Encoding.LzW\Encoding.LzW.csproj", "{ECB0286C-CE0C-4363-80C3-A86B544EE80D}"
EndProject
Project("{FAE04EC0-301F-11D3-BF4B-00C04F79EFBC}") = "Encoding.LzW.IntegrationTests", "Encoding.LzW.IntegrationTests\Encoding.LzW.IntegrationTests.csproj", "{61998E96-E50A-45F3-A180-EBC6AD8A553C}"
EndProject
Project("{FAE04EC0-301F-11D3-BF4B-00C04F79EFBC}") = "Encoding.LzW.UnitTests", "Encoding.LzW.UnitTests\Encoding.LzW.UnitTests.csproj", "{B5E7D67E-013B-4730-B077-ECEF7C697399}"
EndProject
Project("{FAE04EC0-301F-11D3-BF4B-00C04F79EFBC}") = "Encoding.Lz77.IntegrationTests", "Encoding.Lz77.IntegrationTests\Encoding.Lz77.IntegrationTests.csproj", "{CD18F2C6-9AEC-4181-ACFD-B4C80B733E04}"
EndProject
Global
	GlobalSection(SolutionConfigurationPlatforms) = preSolution
		Debug|Any CPU = Debug|Any CPU
		Release|Any CPU = Release|Any CPU
	EndGlobalSection
	GlobalSection(ProjectConfigurationPlatforms) = postSolution
		{BBAF1E3F-63C2-4F30-86B8-5A77DDB0EABC}.Debug|Any CPU.ActiveCfg = Debug|Any CPU
		{BBAF1E3F-63C2-4F30-86B8-5A77DDB0EABC}.Debug|Any CPU.Build.0 = Debug|Any CPU
		{BBAF1E3F-63C2-4F30-86B8-5A77DDB0EABC}.Release|Any CPU.ActiveCfg = Release|Any CPU
		{BBAF1E3F-63C2-4F30-86B8-5A77DDB0EABC}.Release|Any CPU.Build.0 = Release|Any CPU
		{A73E08B2-BD06-4090-8765-3A3FF1CC755C}.Debug|Any CPU.ActiveCfg = Debug|Any CPU
		{A73E08B2-BD06-4090-8765-3A3FF1CC755C}.Debug|Any CPU.Build.0 = Debug|Any CPU
		{A73E08B2-BD06-4090-8765-3A3FF1CC755C}.Release|Any CPU.ActiveCfg = Release|Any CPU
		{A73E08B2-BD06-4090-8765-3A3FF1CC755C}.Release|Any CPU.Build.0 = Release|Any CPU
		{51F78E06-F983-48A7-A37E-EA31CFBCF27F}.Debug|Any CPU.ActiveCfg = Debug|Any CPU
		{51F78E06-F983-48A7-A37E-EA31CFBCF27F}.Debug|Any CPU.Build.0 = Debug|Any CPU
		{51F78E06-F983-48A7-A37E-EA31CFBCF27F}.Release|Any CPU.ActiveCfg = Release|Any CPU
		{51F78E06-F983-48A7-A37E-EA31CFBCF27F}.Release|Any CPU.Build.0 = Release|Any CPU
		{0D0DD31D-2D4A-4F9D-8C14-DB85088C5F92}.Debug|Any CPU.ActiveCfg = Debug|Any CPU
		{0D0DD31D-2D4A-4F9D-8C14-DB85088C5F92}.Debug|Any CPU.Build.0 = Debug|Any CPU
		{0D0DD31D-2D4A-4F9D-8C14-DB85088C5F92}.Release|Any CPU.ActiveCfg = Release|Any CPU
		{0D0DD31D-2D4A-4F9D-8C14-DB85088C5F92}.Release|Any CPU.Build.0 = Release|Any CPU
		{7F9671D8-9284-4501-A77D-46992DF62FE4}.Debug|Any CPU.ActiveCfg = Debug|Any CPU
		{7F9671D8-9284-4501-A77D-46992DF62FE4}.Debug|Any CPU.Build.0 = Debug|Any CPU
		{7F9671D8-9284-4501-A77D-46992DF62FE4}.Release|Any CPU.ActiveCfg = Release|Any CPU
		{7F9671D8-9284-4501-A77D-46992DF62FE4}.Release|Any CPU.Build.0 = Release|Any CPU
		{1BC37739-3F5A-416B-BAD8-AC6B83280673}.Debug|Any CPU.ActiveCfg = Debug|Any CPU
		{1BC37739-3F5A-416B-BAD8-AC6B83280673}.Debug|Any CPU.Build.0 = Debug|Any CPU
		{1BC37739-3F5A-416B-BAD8-AC6B83280673}.Release|Any CPU.ActiveCfg = Release|Any CPU
		{1BC37739-3F5A-416B-BAD8-AC6B83280673}.Release|Any CPU.Build.0 = Release|Any CPU
		{7B269B9E-6E27-4EEE-9C75-D0B1349A8D27}.Debug|Any CPU.ActiveCfg = Debug|Any CPU
		{7B269B9E-6E27-4EEE-9C75-D0B1349A8D27}.Debug|Any CPU.Build.0 = Debug|Any CPU
		{7B269B9E-6E27-4EEE-9C75-D0B1349A8D27}.Release|Any CPU.ActiveCfg = Release|Any CPU
		{7B269B9E-6E27-4EEE-9C75-D0B1349A8D27}.Release|Any CPU.Build.0 = Release|Any CPU
		{365E3934-D293-4D56-A48E-CA126D41F2C0}.Debug|Any CPU.ActiveCfg = Debug|Any CPU
		{365E3934-D293-4D56-A48E-CA126D41F2C0}.Debug|Any CPU.Build.0 = Debug|Any CPU
		{365E3934-D293-4D56-A48E-CA126D41F2C0}.Release|Any CPU.ActiveCfg = Release|Any CPU
		{365E3934-D293-4D56-A48E-CA126D41F2C0}.Release|Any CPU.Build.0 = Release|Any CPU
		{2A9B4599-9853-4DA0-86AD-31531999ADCD}.Debug|Any CPU.ActiveCfg = Debug|Any CPU
		{2A9B4599-9853-4DA0-86AD-31531999ADCD}.Debug|Any CPU.Build.0 = Debug|Any CPU
		{2A9B4599-9853-4DA0-86AD-31531999ADCD}.Release|Any CPU.ActiveCfg = Release|Any CPU
		{2A9B4599-9853-4DA0-86AD-31531999ADCD}.Release|Any CPU.Build.0 = Release|Any CPU
		{21AEF325-9CE6-41B3-ACAC-B59E071D93D6}.Debug|Any CPU.ActiveCfg = Debug|Any CPU
		{21AEF325-9CE6-41B3-ACAC-B59E071D93D6}.Debug|Any CPU.Build.0 = Debug|Any CPU
		{21AEF325-9CE6-41B3-ACAC-B59E071D93D6}.Release|Any CPU.ActiveCfg = Release|Any CPU
		{21AEF325-9CE6-41B3-ACAC-B59E071D93D6}.Release|Any CPU.Build.0 = Release|Any CPU
		{ECB0286C-CE0C-4363-80C3-A86B544EE80D}.Debug|Any CPU.ActiveCfg = Debug|Any CPU
		{ECB0286C-CE0C-4363-80C3-A86B544EE80D}.Debug|Any CPU.Build.0 = Debug|Any CPU
		{ECB0286C-CE0C-4363-80C3-A86B544EE80D}.Release|Any CPU.ActiveCfg = Release|Any CPU
		{ECB0286C-CE0C-4363-80C3-A86B544EE80D}.Release|Any CPU.Build.0 = Release|Any CPU
		{61998E96-E50A-45F3-A180-EBC6AD8A553C}.Debug|Any CPU.ActiveCfg = Debug|Any CPU
		{61998E96-E50A-45F3-A180-EBC6AD8A553C}.Debug|Any CPU.Build.0 = Debug|Any CPU
		{61998E96-E50A-45F3-A180-EBC6AD8A553C}.Release|Any CPU.ActiveCfg = Release|Any CPU
		{61998E96-E50A-45F3-A180-EBC6AD8A553C}.Release|Any CPU.Build.0 = Release|Any CPU
		{B5E7D67E-013B-4730-B077-ECEF7C697399}.Debug|Any CPU.ActiveCfg = Debug|Any CPU
		{B5E7D67E-013B-4730-B077-ECEF7C697399}.Debug|Any CPU.Build.0 = Debug|Any CPU
		{B5E7D67E-013B-4730-B077-ECEF7C697399}.Release|Any CPU.ActiveCfg = Release|Any CPU
		{B5E7D67E-013B-4730-B077-ECEF7C697399}.Release|Any CPU.Build.0 = Release|Any CPU
		{CD18F2C6-9AEC-4181-ACFD-B4C80B733E04}.Debug|Any CPU.ActiveCfg = Debug|Any CPU
		{CD18F2C6-9AEC-4181-ACFD-B4C80B733E04}.Debug|Any CPU.Build.0 = Debug|Any CPU
		{CD18F2C6-9AEC-4181-ACFD-B4C80B733E04}.Release|Any CPU.ActiveCfg = Release|Any CPU
		{CD18F2C6-9AEC-4181-ACFD-B4C80B733E04}.Release|Any CPU.Build.0 = Release|Any CPU
	EndGlobalSection
	GlobalSection(SolutionProperties) = preSolution
		HideSolutionNode = FALSE
	EndGlobalSection
	GlobalSection(NestedProjects) = preSolution
		{A73E08B2-BD06-4090-8765-3A3FF1CC755C} = {57F6C81C-3164-405D-80CE-20C254A2C484}
		{0D0DD31D-2D4A-4F9D-8C14-DB85088C5F92} = {57F6C81C-3164-405D-80CE-20C254A2C484}
		{7F9671D8-9284-4501-A77D-46992DF62FE4} = {57F6C81C-3164-405D-80CE-20C254A2C484}
		{365E3934-D293-4D56-A48E-CA126D41F2C0} = {57F6C81C-3164-405D-80CE-20C254A2C484}
		{2A9B4599-9853-4DA0-86AD-31531999ADCD} = {57F6C81C-3164-405D-80CE-20C254A2C484}
		{21AEF325-9CE6-41B3-ACAC-B59E071D93D6} = {57F6C81C-3164-405D-80CE-20C254A2C484}
		{61998E96-E50A-45F3-A180-EBC6AD8A553C} = {57F6C81C-3164-405D-80CE-20C254A2C484}
		{B5E7D67E-013B-4730-B077-ECEF7C697399} = {57F6C81C-3164-405D-80CE-20C254A2C484}
		{CD18F2C6-9AEC-4181-ACFD-B4C80B733E04} = {57F6C81C-3164-405D-80CE-20C254A2C484}
	EndGlobalSection
	GlobalSection(ExtensibilityGlobals) = postSolution
		SolutionGuid = {BA6E45BE-EDB4-4B8C-9243-09C5B054A692}
	EndGlobalSection
EndGlobal
