
Microsoft Visual Studio Solution File, Format Version 12.00
# Visual Studio Version 16
VisualStudioVersion = 16.0.29215.179
MinimumVisualStudioVersion = 10.0.40219.1
Project("{FAE04EC0-301F-11D3-BF4B-00C04F79EFBC}") = "Encoding.FileOperations", "Encoding.FileOperations\Encoding.FileOperations.csproj", "{BBAF1E3F-63C2-4F30-86B8-5A77DDB0EABC}"
EndProject
Project("{2150E333-8FDC-42A3-9474-1A3956D46DE8}") = "Tests", "Tests", "{57F6C81C-3164-405D-80CE-20C254A2C484}"
EndProject
Project("{FAE04EC0-301F-11D3-BF4B-00C04F79EFBC}") = "Encoding.FileOperations.UnitTests", "Encoding.FileOperations.UnitTests\Encoding.FileOperations.UnitTests.csproj", "{A73E08B2-BD06-4090-8765-3A3FF1CC755C}"
EndProject
Project("{FAE04EC0-301F-11D3-BF4B-00C04F79EFBC}") = "Encoding", "Encoding\Encoding.csproj", "{51F78E06-F983-48A7-A37E-EA31CFBCF27F}"
EndProject
Project("{FAE04EC0-301F-11D3-BF4B-00C04F79EFBC}") = "Encoding.FileOperations.IntegrationTests", "Encoding.FileOperations.IntegrationTests\Encoding.FileOperations.IntegrationTests.csproj", "{0D0DD31D-2D4A-4F9D-8C14-DB85088C5F92}"
EndProject
Project("{FAE04EC0-301F-11D3-BF4B-00C04F79EFBC}") = "Encoding.Systems", "Encoding.Systems\Encoding.Systems.csproj", "{8312489F-CF5F-4186-BD96-3C6E5C133A1C}"
EndProject
Project("{FAE04EC0-301F-11D3-BF4B-00C04F79EFBC}") = "Encoding.Systems.UnitTests", "Encoding.Systems.UnitTests\Encoding.Systems.UnitTests.csproj", "{66794681-6F89-4745-A5F1-76770DE58D7D}"
EndProject
Project("{FAE04EC0-301F-11D3-BF4B-00C04F79EFBC}") = "Encoding.Entities", "Encoding.Entities\Encoding.Entities.csproj", "{BE3FA299-F7E6-4648-8936-81D6CC89B4E2}"
EndProject
Project("{FAE04EC0-301F-11D3-BF4B-00C04F79EFBC}") = "Encoding.Entities.UnitTests", "Encoding.Entities.UnitTests\Encoding.Entities.UnitTests.csproj", "{6EDD161D-AC11-4A14-9A42-9EC7764FAB67}"
EndProject
Project("{FAE04EC0-301F-11D3-BF4B-00C04F79EFBC}") = "Encoding.Systems.IntegrationTests", "Encoding.Systems.IntegrationTests\Encoding.Systems.IntegrationTests.csproj", "{8CF12C2B-8A9D-4903-8175-C269BEB1D148}"
EndProject
Project("{FAE04EC0-301F-11D3-BF4B-00C04F79EFBC}") = "Encoding.Tests.Common", "Encoding.Tests.Common\Encoding.Tests.Common.csproj", "{7F9671D8-9284-4501-A77D-46992DF62FE4}"
EndProject
Global
	GlobalSection(SolutionConfigurationPlatforms) = preSolution
		Debug|Any CPU = Debug|Any CPU
		Release|Any CPU = Release|Any CPU
	EndGlobalSection
	GlobalSection(ProjectConfigurationPlatforms) = postSolution
		{BBAF1E3F-63C2-4F30-86B8-5A77DDB0EABC}.Debug|Any CPU.ActiveCfg = Debug|Any CPU
		{BBAF1E3F-63C2-4F30-86B8-5A77DDB0EABC}.Debug|Any CPU.Build.0 = Debug|Any CPU
		{BBAF1E3F-63C2-4F30-86B8-5A77DDB0EABC}.Release|Any CPU.ActiveCfg = Release|Any CPU
		{BBAF1E3F-63C2-4F30-86B8-5A77DDB0EABC}.Release|Any CPU.Build.0 = Release|Any CPU
		{A73E08B2-BD06-4090-8765-3A3FF1CC755C}.Debug|Any CPU.ActiveCfg = Debug|Any CPU
		{A73E08B2-BD06-4090-8765-3A3FF1CC755C}.Debug|Any CPU.Build.0 = Debug|Any CPU
		{A73E08B2-BD06-4090-8765-3A3FF1CC755C}.Release|Any CPU.ActiveCfg = Release|Any CPU
		{A73E08B2-BD06-4090-8765-3A3FF1CC755C}.Release|Any CPU.Build.0 = Release|Any CPU
		{51F78E06-F983-48A7-A37E-EA31CFBCF27F}.Debug|Any CPU.ActiveCfg = Debug|Any CPU
		{51F78E06-F983-48A7-A37E-EA31CFBCF27F}.Debug|Any CPU.Build.0 = Debug|Any CPU
		{51F78E06-F983-48A7-A37E-EA31CFBCF27F}.Release|Any CPU.ActiveCfg = Release|Any CPU
		{51F78E06-F983-48A7-A37E-EA31CFBCF27F}.Release|Any CPU.Build.0 = Release|Any CPU
		{0D0DD31D-2D4A-4F9D-8C14-DB85088C5F92}.Debug|Any CPU.ActiveCfg = Debug|Any CPU
		{0D0DD31D-2D4A-4F9D-8C14-DB85088C5F92}.Debug|Any CPU.Build.0 = Debug|Any CPU
		{0D0DD31D-2D4A-4F9D-8C14-DB85088C5F92}.Release|Any CPU.ActiveCfg = Release|Any CPU
		{0D0DD31D-2D4A-4F9D-8C14-DB85088C5F92}.Release|Any CPU.Build.0 = Release|Any CPU
		{8312489F-CF5F-4186-BD96-3C6E5C133A1C}.Debug|Any CPU.ActiveCfg = Debug|Any CPU
		{8312489F-CF5F-4186-BD96-3C6E5C133A1C}.Debug|Any CPU.Build.0 = Debug|Any CPU
		{8312489F-CF5F-4186-BD96-3C6E5C133A1C}.Release|Any CPU.ActiveCfg = Release|Any CPU
		{8312489F-CF5F-4186-BD96-3C6E5C133A1C}.Release|Any CPU.Build.0 = Release|Any CPU
		{66794681-6F89-4745-A5F1-76770DE58D7D}.Debug|Any CPU.ActiveCfg = Debug|Any CPU
		{66794681-6F89-4745-A5F1-76770DE58D7D}.Debug|Any CPU.Build.0 = Debug|Any CPU
		{66794681-6F89-4745-A5F1-76770DE58D7D}.Release|Any CPU.ActiveCfg = Release|Any CPU
		{66794681-6F89-4745-A5F1-76770DE58D7D}.Release|Any CPU.Build.0 = Release|Any CPU
		{BE3FA299-F7E6-4648-8936-81D6CC89B4E2}.Debug|Any CPU.ActiveCfg = Debug|Any CPU
		{BE3FA299-F7E6-4648-8936-81D6CC89B4E2}.Debug|Any CPU.Build.0 = Debug|Any CPU
		{BE3FA299-F7E6-4648-8936-81D6CC89B4E2}.Release|Any CPU.ActiveCfg = Release|Any CPU
		{BE3FA299-F7E6-4648-8936-81D6CC89B4E2}.Release|Any CPU.Build.0 = Release|Any CPU
		{6EDD161D-AC11-4A14-9A42-9EC7764FAB67}.Debug|Any CPU.ActiveCfg = Debug|Any CPU
		{6EDD161D-AC11-4A14-9A42-9EC7764FAB67}.Debug|Any CPU.Build.0 = Debug|Any CPU
		{6EDD161D-AC11-4A14-9A42-9EC7764FAB67}.Release|Any CPU.ActiveCfg = Release|Any CPU
		{6EDD161D-AC11-4A14-9A42-9EC7764FAB67}.Release|Any CPU.Build.0 = Release|Any CPU
		{8CF12C2B-8A9D-4903-8175-C269BEB1D148}.Debug|Any CPU.ActiveCfg = Debug|Any CPU
		{8CF12C2B-8A9D-4903-8175-C269BEB1D148}.Debug|Any CPU.Build.0 = Debug|Any CPU
		{8CF12C2B-8A9D-4903-8175-C269BEB1D148}.Release|Any CPU.ActiveCfg = Release|Any CPU
		{8CF12C2B-8A9D-4903-8175-C269BEB1D148}.Release|Any CPU.Build.0 = Release|Any CPU
		{7F9671D8-9284-4501-A77D-46992DF62FE4}.Debug|Any CPU.ActiveCfg = Debug|Any CPU
		{7F9671D8-9284-4501-A77D-46992DF62FE4}.Debug|Any CPU.Build.0 = Debug|Any CPU
		{7F9671D8-9284-4501-A77D-46992DF62FE4}.Release|Any CPU.ActiveCfg = Release|Any CPU
		{7F9671D8-9284-4501-A77D-46992DF62FE4}.Release|Any CPU.Build.0 = Release|Any CPU
	EndGlobalSection
	GlobalSection(SolutionProperties) = preSolution
		HideSolutionNode = FALSE
	EndGlobalSection
	GlobalSection(NestedProjects) = preSolution
		{A73E08B2-BD06-4090-8765-3A3FF1CC755C} = {57F6C81C-3164-405D-80CE-20C254A2C484}
		{0D0DD31D-2D4A-4F9D-8C14-DB85088C5F92} = {57F6C81C-3164-405D-80CE-20C254A2C484}
		{66794681-6F89-4745-A5F1-76770DE58D7D} = {57F6C81C-3164-405D-80CE-20C254A2C484}
		{6EDD161D-AC11-4A14-9A42-9EC7764FAB67} = {57F6C81C-3164-405D-80CE-20C254A2C484}
		{8CF12C2B-8A9D-4903-8175-C269BEB1D148} = {57F6C81C-3164-405D-80CE-20C254A2C484}
		{7F9671D8-9284-4501-A77D-46992DF62FE4} = {57F6C81C-3164-405D-80CE-20C254A2C484}
	EndGlobalSection
	GlobalSection(ExtensibilityGlobals) = postSolution
		SolutionGuid = {BA6E45BE-EDB4-4B8C-9243-09C5B054A692}
	EndGlobalSection
EndGlobal
